// !$*UTF8*$!
{
	archiveVersion = 1;
	classes = {
	};
	objectVersion = 46;
	objects = {

/* Begin PBXBuildFile section */
		E25179C11CFD1B63009179B2 /* main.m in Sources */ = {isa = PBXBuildFile; fileRef = E25179C01CFD1B63009179B2 /* main.m */; };
		E25179C41CFD1B63009179B2 /* AppDelegate.m in Sources */ = {isa = PBXBuildFile; fileRef = E25179C31CFD1B63009179B2 /* AppDelegate.m */; };
		E25179C71CFD1B63009179B2 /* ViewController.m in Sources */ = {isa = PBXBuildFile; fileRef = E25179C61CFD1B63009179B2 /* ViewController.m */; };
		E25179CA1CFD1B63009179B2 /* Main.storyboard in Resources */ = {isa = PBXBuildFile; fileRef = E25179C81CFD1B63009179B2 /* Main.storyboard */; };
		E25179CC1CFD1B63009179B2 /* Assets.xcassets in Resources */ = {isa = PBXBuildFile; fileRef = E25179CB1CFD1B63009179B2 /* Assets.xcassets */; };
		E25179CF1CFD1B63009179B2 /* LaunchScreen.storyboard in Resources */ = {isa = PBXBuildFile; fileRef = E25179CD1CFD1B63009179B2 /* LaunchScreen.storyboard */; };
		E25179DA1CFD1B63009179B2 /* BCryptTests.m in Sources */ = {isa = PBXBuildFile; fileRef = E25179D91CFD1B63009179B2 /* BCryptTests.m */; };
		E25179E51CFD1B63009179B2 /* BCryptUITests.m in Sources */ = {isa = PBXBuildFile; fileRef = E25179E41CFD1B63009179B2 /* BCryptUITests.m */; };
		E25179F41CFD1B95009179B2 /* JFBCrypt.m in Sources */ = {isa = PBXBuildFile; fileRef = E25179F31CFD1B95009179B2 /* JFBCrypt.m */; settings = {COMPILER_FLAGS = "-fno-objc-arc"; }; };
		E25179F81CFD1BEE009179B2 /* JFRandom.m in Sources */ = {isa = PBXBuildFile; fileRef = E25179F71CFD1BEE009179B2 /* JFRandom.m */; settings = {COMPILER_FLAGS = "-fno-objc-arc"; }; };
/* End PBXBuildFile section */

/* Begin PBXContainerItemProxy section */
		E25179D61CFD1B63009179B2 /* PBXContainerItemProxy */ = {
			isa = PBXContainerItemProxy;
			containerPortal = E25179B41CFD1B63009179B2 /* Project object */;
			proxyType = 1;
			remoteGlobalIDString = E25179BB1CFD1B63009179B2;
			remoteInfo = BCrypt;
		};
		E25179E11CFD1B63009179B2 /* PBXContainerItemProxy */ = {
			isa = PBXContainerItemProxy;
			containerPortal = E25179B41CFD1B63009179B2 /* Project object */;
			proxyType = 1;
			remoteGlobalIDString = E25179BB1CFD1B63009179B2;
			remoteInfo = BCrypt;
		};
/* End PBXContainerItemProxy section */

/* Begin PBXFileReference section */
		E25179BC1CFD1B63009179B2 /* BCrypt.app */ = {isa = PBXFileReference; explicitFileType = wrapper.application; includeInIndex = 0; path = BCrypt.app; sourceTree = BUILT_PRODUCTS_DIR; };
		E25179C01CFD1B63009179B2 /* main.m */ = {isa = PBXFileReference; lastKnownFileType = sourcecode.c.objc; path = main.m; sourceTree = "<group>"; };
		E25179C21CFD1B63009179B2 /* AppDelegate.h */ = {isa = PBXFileReference; lastKnownFileType = sourcecode.c.h; path = AppDelegate.h; sourceTree = "<group>"; };
		E25179C31CFD1B63009179B2 /* AppDelegate.m */ = {isa = PBXFileReference; lastKnownFileType = sourcecode.c.objc; path = AppDelegate.m; sourceTree = "<group>"; };
		E25179C51CFD1B63009179B2 /* ViewController.h */ = {isa = PBXFileReference; lastKnownFileType = sourcecode.c.h; path = ViewController.h; sourceTree = "<group>"; };
		E25179C61CFD1B63009179B2 /* ViewController.m */ = {isa = PBXFileReference; lastKnownFileType = sourcecode.c.objc; path = ViewController.m; sourceTree = "<group>"; };
		E25179C91CFD1B63009179B2 /* Base */ = {isa = PBXFileReference; lastKnownFileType = file.storyboard; name = Base; path = Base.lproj/Main.storyboard; sourceTree = "<group>"; };
		E25179CB1CFD1B63009179B2 /* Assets.xcassets */ = {isa = PBXFileReference; lastKnownFileType = folder.assetcatalog; path = Assets.xcassets; sourceTree = "<group>"; };
		E25179CE1CFD1B63009179B2 /* Base */ = {isa = PBXFileReference; lastKnownFileType = file.storyboard; name = Base; path = Base.lproj/LaunchScreen.storyboard; sourceTree = "<group>"; };
		E25179D01CFD1B63009179B2 /* Info.plist */ = {isa = PBXFileReference; lastKnownFileType = text.plist.xml; path = Info.plist; sourceTree = "<group>"; };
		E25179D51CFD1B63009179B2 /* BCryptTests.xctest */ = {isa = PBXFileReference; explicitFileType = wrapper.cfbundle; includeInIndex = 0; path = BCryptTests.xctest; sourceTree = BUILT_PRODUCTS_DIR; };
		E25179D91CFD1B63009179B2 /* BCryptTests.m */ = {isa = PBXFileReference; lastKnownFileType = sourcecode.c.objc; path = BCryptTests.m; sourceTree = "<group>"; };
		E25179DB1CFD1B63009179B2 /* Info.plist */ = {isa = PBXFileReference; lastKnownFileType = text.plist.xml; path = Info.plist; sourceTree = "<group>"; };
		E25179E01CFD1B63009179B2 /* BCryptUITests.xctest */ = {isa = PBXFileReference; explicitFileType = wrapper.cfbundle; includeInIndex = 0; path = BCryptUITests.xctest; sourceTree = BUILT_PRODUCTS_DIR; };
		E25179E41CFD1B63009179B2 /* BCryptUITests.m */ = {isa = PBXFileReference; lastKnownFileType = sourcecode.c.objc; path = BCryptUITests.m; sourceTree = "<group>"; };
		E25179E61CFD1B63009179B2 /* Info.plist */ = {isa = PBXFileReference; lastKnownFileType = text.plist.xml; path = Info.plist; sourceTree = "<group>"; };
		E25179F21CFD1B95009179B2 /* JFBCrypt.h */ = {isa = PBXFileReference; fileEncoding = 4; lastKnownFileType = sourcecode.c.h; path = JFBCrypt.h; sourceTree = "<group>"; };
		E25179F31CFD1B95009179B2 /* JFBCrypt.m */ = {isa = PBXFileReference; fileEncoding = 4; lastKnownFileType = sourcecode.c.objc; path = JFBCrypt.m; sourceTree = "<group>"; };
		E25179F51CFD1BC8009179B2 /* JFGC.h */ = {isa = PBXFileReference; fileEncoding = 4; lastKnownFileType = sourcecode.c.h; path = JFGC.h; sourceTree = "<group>"; };
		E25179F61CFD1BE6009179B2 /* JFRandom.h */ = {isa = PBXFileReference; fileEncoding = 4; lastKnownFileType = sourcecode.c.h; path = JFRandom.h; sourceTree = "<group>"; };
		E25179F71CFD1BEE009179B2 /* JFRandom.m */ = {isa = PBXFileReference; fileEncoding = 4; lastKnownFileType = sourcecode.c.objc; path = JFRandom.m; sourceTree = "<group>"; };
/* End PBXFileReference section */

/* Begin PBXFrameworksBuildPhase section */
		E25179B91CFD1B63009179B2 /* Frameworks */ = {
			isa = PBXFrameworksBuildPhase;
			buildActionMask = 2147483647;
			files = (
			);
			runOnlyForDeploymentPostprocessing = 0;
		};
		E25179D21CFD1B63009179B2 /* Frameworks */ = {
			isa = PBXFrameworksBuildPhase;
			buildActionMask = 2147483647;
			files = (
			);
			runOnlyForDeploymentPostprocessing = 0;
		};
		E25179DD1CFD1B63009179B2 /* Frameworks */ = {
			isa = PBXFrameworksBuildPhase;
			buildActionMask = 2147483647;
			files = (
			);
			runOnlyForDeploymentPostprocessing = 0;
		};
/* End PBXFrameworksBuildPhase section */

/* Begin PBXGroup section */
		E25179B31CFD1B63009179B2 = {
			isa = PBXGroup;
			children = (
				E25179BE1CFD1B63009179B2 /* BCrypt */,
				E25179D81CFD1B63009179B2 /* BCryptTests */,
				E25179E31CFD1B63009179B2 /* BCryptUITests */,
				E25179BD1CFD1B63009179B2 /* Products */,
			);
			sourceTree = "<group>";
		};
		E25179BD1CFD1B63009179B2 /* Products */ = {
			isa = PBXGroup;
			children = (
				E25179BC1CFD1B63009179B2 /* BCrypt.app */,
				E25179D51CFD1B63009179B2 /* BCryptTests.xctest */,
				E25179E01CFD1B63009179B2 /* BCryptUITests.xctest */,
			);
			name = Products;
			sourceTree = "<group>";
		};
		E25179BE1CFD1B63009179B2 /* BCrypt */ = {
			isa = PBXGroup;
			children = (
				E25179C21CFD1B63009179B2 /* AppDelegate.h */,
				E25179C31CFD1B63009179B2 /* AppDelegate.m */,
				E25179F51CFD1BC8009179B2 /* JFGC.h */,
				E25179F21CFD1B95009179B2 /* JFBCrypt.h */,
				E25179F31CFD1B95009179B2 /* JFBCrypt.m */,
				E25179F61CFD1BE6009179B2 /* JFRandom.h */,
				E25179F71CFD1BEE009179B2 /* JFRandom.m */,
				E25179C51CFD1B63009179B2 /* ViewController.h */,
				E25179C61CFD1B63009179B2 /* ViewController.m */,
				E25179C81CFD1B63009179B2 /* Main.storyboard */,
				E25179CB1CFD1B63009179B2 /* Assets.xcassets */,
				E25179CD1CFD1B63009179B2 /* LaunchScreen.storyboard */,
				E25179D01CFD1B63009179B2 /* Info.plist */,
				E25179BF1CFD1B63009179B2 /* Supporting Files */,
			);
			path = BCrypt;
			sourceTree = "<group>";
		};
		E25179BF1CFD1B63009179B2 /* Supporting Files */ = {
			isa = PBXGroup;
			children = (
				E25179C01CFD1B63009179B2 /* main.m */,
			);
			name = "Supporting Files";
			sourceTree = "<group>";
		};
		E25179D81CFD1B63009179B2 /* BCryptTests */ = {
			isa = PBXGroup;
			children = (
				E25179D91CFD1B63009179B2 /* BCryptTests.m */,
				E25179DB1CFD1B63009179B2 /* Info.plist */,
			);
			path = BCryptTests;
			sourceTree = "<group>";
		};
		E25179E31CFD1B63009179B2 /* BCryptUITests */ = {
			isa = PBXGroup;
			children = (
				E25179E41CFD1B63009179B2 /* BCryptUITests.m */,
				E25179E61CFD1B63009179B2 /* Info.plist */,
			);
			path = BCryptUITests;
			sourceTree = "<group>";
		};
/* End PBXGroup section */

/* Begin PBXNativeTarget section */
		E25179BB1CFD1B63009179B2 /* BCrypt */ = {
			isa = PBXNativeTarget;
			buildConfigurationList = E25179E91CFD1B63009179B2 /* Build configuration list for PBXNativeTarget "BCrypt" */;
			buildPhases = (
				E25179B81CFD1B63009179B2 /* Sources */,
				E25179B91CFD1B63009179B2 /* Frameworks */,
				E25179BA1CFD1B63009179B2 /* Resources */,
			);
			buildRules = (
			);
			dependencies = (
			);
			name = BCrypt;
			productName = BCrypt;
			productReference = E25179BC1CFD1B63009179B2 /* BCrypt.app */;
			productType = "com.apple.product-type.application";
		};
		E25179D41CFD1B63009179B2 /* BCryptTests */ = {
			isa = PBXNativeTarget;
			buildConfigurationList = E25179EC1CFD1B63009179B2 /* Build configuration list for PBXNativeTarget "BCryptTests" */;
			buildPhases = (
				E25179D11CFD1B63009179B2 /* Sources */,
				E25179D21CFD1B63009179B2 /* Frameworks */,
				E25179D31CFD1B63009179B2 /* Resources */,
			);
			buildRules = (
			);
			dependencies = (
				E25179D71CFD1B63009179B2 /* PBXTargetDependency */,
			);
			name = BCryptTests;
			productName = BCryptTests;
			productReference = E25179D51CFD1B63009179B2 /* BCryptTests.xctest */;
			productType = "com.apple.product-type.bundle.unit-test";
		};
		E25179DF1CFD1B63009179B2 /* BCryptUITests */ = {
			isa = PBXNativeTarget;
			buildConfigurationList = E25179EF1CFD1B63009179B2 /* Build configuration list for PBXNativeTarget "BCryptUITests" */;
			buildPhases = (
				E25179DC1CFD1B63009179B2 /* Sources */,
				E25179DD1CFD1B63009179B2 /* Frameworks */,
				E25179DE1CFD1B63009179B2 /* Resources */,
			);
			buildRules = (
			);
			dependencies = (
				E25179E21CFD1B63009179B2 /* PBXTargetDependency */,
			);
			name = BCryptUITests;
			productName = BCryptUITests;
			productReference = E25179E01CFD1B63009179B2 /* BCryptUITests.xctest */;
			productType = "com.apple.product-type.bundle.ui-testing";
		};
/* End PBXNativeTarget section */

/* Begin PBXProject section */
		E25179B41CFD1B63009179B2 /* Project object */ = {
			isa = PBXProject;
			attributes = {
				LastUpgradeCheck = 0730;
				ORGANIZATIONNAME = "张昭";
				TargetAttributes = {
					E25179BB1CFD1B63009179B2 = {
						CreatedOnToolsVersion = 7.3;
					};
					E25179D41CFD1B63009179B2 = {
						CreatedOnToolsVersion = 7.3;
						TestTargetID = E25179BB1CFD1B63009179B2;
					};
					E25179DF1CFD1B63009179B2 = {
						CreatedOnToolsVersion = 7.3;
						TestTargetID = E25179BB1CFD1B63009179B2;
					};
				};
			};
			buildConfigurationList = E25179B71CFD1B63009179B2 /* Build configuration list for PBXProject "BCrypt" */;
			compatibilityVersion = "Xcode 3.2";
			developmentRegion = English;
			hasScannedForEncodings = 0;
			knownRegions = (
				en,
				Base,
			);
			mainGroup = E25179B31CFD1B63009179B2;
			productRefGroup = E25179BD1CFD1B63009179B2 /* Products */;
			projectDirPath = "";
			projectRoot = "";
			targets = (
				E25179BB1CFD1B63009179B2 /* BCrypt */,
				E25179D41CFD1B63009179B2 /* BCryptTests */,
				E25179DF1CFD1B63009179B2 /* BCryptUITests */,
			);
		};
/* End PBXProject section */

/* Begin PBXResourcesBuildPhase section */
		E25179BA1CFD1B63009179B2 /* Resources */ = {
			isa = PBXResourcesBuildPhase;
			buildActionMask = 2147483647;
			files = (
				E25179CF1CFD1B63009179B2 /* LaunchScreen.storyboard in Resources */,
				E25179CC1CFD1B63009179B2 /* Assets.xcassets in Resources */,
				E25179CA1CFD1B63009179B2 /* Main.storyboard in Resources */,
			);
			runOnlyForDeploymentPostprocessing = 0;
		};
		E25179D31CFD1B63009179B2 /* Resources */ = {
			isa = PBXResourcesBuildPhase;
			buildActionMask = 2147483647;
			files = (
			);
			runOnlyForDeploymentPostprocessing = 0;
		};
		E25179DE1CFD1B63009179B2 /* Resources */ = {
			isa = PBXResourcesBuildPhase;
			buildActionMask = 2147483647;
			files = (
			);
			runOnlyForDeploymentPostprocessing = 0;
		};
/* End PBXResourcesBuildPhase section */

/* Begin PBXSourcesBuildPhase section */
		E25179B81CFD1B63009179B2 /* Sources */ = {
			isa = PBXSourcesBuildPhase;
			buildActionMask = 2147483647;
			files = (
				E25179C71CFD1B63009179B2 /* ViewController.m in Sources */,
				E25179F41CFD1B95009179B2 /* JFBCrypt.m in Sources */,
				E25179C41CFD1B63009179B2 /* AppDelegate.m in Sources */,
				E25179C11CFD1B63009179B2 /* main.m in Sources */,
				E25179F81CFD1BEE009179B2 /* JFRandom.m in Sources */,
			);
			runOnlyForDeploymentPostprocessing = 0;
		};
		E25179D11CFD1B63009179B2 /* Sources */ = {
			isa = PBXSourcesBuildPhase;
			buildActionMask = 2147483647;
			files = (
				E25179DA1CFD1B63009179B2 /* BCryptTests.m in Sources */,
			);
			runOnlyForDeploymentPostprocessing = 0;
		};
		E25179DC1CFD1B63009179B2 /* Sources */ = {
			isa = PBXSourcesBuildPhase;
			buildActionMask = 2147483647;
			files = (
				E25179E51CFD1B63009179B2 /* BCryptUITests.m in Sources */,
			);
			runOnlyForDeploymentPostprocessing = 0;
		};
/* End PBXSourcesBuildPhase section */

/* Begin PBXTargetDependency section */
		E25179D71CFD1B63009179B2 /* PBXTargetDependency */ = {
			isa = PBXTargetDependency;
			target = E25179BB1CFD1B63009179B2 /* BCrypt */;
			targetProxy = E25179D61CFD1B63009179B2 /* PBXContainerItemProxy */;
		};
		E25179E21CFD1B63009179B2 /* PBXTargetDependency */ = {
			isa = PBXTargetDependency;
			target = E25179BB1CFD1B63009179B2 /* BCrypt */;
			targetProxy = E25179E11CFD1B63009179B2 /* PBXContainerItemProxy */;
		};
/* End PBXTargetDependency section */

/* Begin PBXVariantGroup section */
		E25179C81CFD1B63009179B2 /* Main.storyboard */ = {
			isa = PBXVariantGroup;
			children = (
				E25179C91CFD1B63009179B2 /* Base */,
			);
			name = Main.storyboard;
			sourceTree = "<group>";
		};
		E25179CD1CFD1B63009179B2 /* LaunchScreen.storyboard */ = {
			isa = PBXVariantGroup;
			children = (
				E25179CE1CFD1B63009179B2 /* Base */,
			);
			name = LaunchScreen.storyboard;
			sourceTree = "<group>";
		};
/* End PBXVariantGroup section */

/* Begin XCBuildConfiguration section */
		E25179E71CFD1B63009179B2 /* Debug */ = {
			isa = XCBuildConfiguration;
			buildSettings = {
				ALWAYS_SEARCH_USER_PATHS = NO;
				CLANG_ANALYZER_NONNULL = YES;
				CLANG_CXX_LANGUAGE_STANDARD = "gnu++0x";
				CLANG_CXX_LIBRARY = "libc++";
				CLANG_ENABLE_MODULES = YES;
				CLANG_ENABLE_OBJC_ARC = YES;
				CLANG_WARN_BOOL_CONVERSION = YES;
				CLANG_WARN_CONSTANT_CONVERSION = YES;
				CLANG_WARN_DIRECT_OBJC_ISA_USAGE = YES_ERROR;
				CLANG_WARN_EMPTY_BODY = YES;
				CLANG_WARN_ENUM_CONVERSION = YES;
				CLANG_WARN_INT_CONVERSION = YES;
				CLANG_WARN_OBJC_ROOT_CLASS = YES_ERROR;
				CLANG_WARN_UNREACHABLE_CODE = YES;
				CLANG_WARN__DUPLICATE_METHOD_MATCH = YES;
				"CODE_SIGN_IDENTITY[sdk=iphoneos*]" = "iPhone Developer";
				COPY_PHASE_STRIP = NO;
				DEBUG_INFORMATION_FORMAT = dwarf;
				ENABLE_STRICT_OBJC_MSGSEND = YES;
				ENABLE_TESTABILITY = YES;
				GCC_C_LANGUAGE_STANDARD = gnu99;
				GCC_DYNAMIC_NO_PIC = NO;
				GCC_NO_COMMON_BLOCKS = YES;
				GCC_OPTIMIZATION_LEVEL = 0;
				GCC_PREPROCESSOR_DEFINITIONS = (
					"DEBUG=1",
					"$(inherited)",
				);
				GCC_WARN_64_TO_32_BIT_CONVERSION = YES;
				GCC_WARN_ABOUT_RETURN_TYPE = YES_ERROR;
				GCC_WARN_UNDECLARED_SELECTOR = YES;
				GCC_WARN_UNINITIALIZED_AUTOS = YES_AGGRESSIVE;
				GCC_WARN_UNUSED_FUNCTION = YES;
				GCC_WARN_UNUSED_VARIABLE = YES;
				IPHONEOS_DEPLOYMENT_TARGET = 9.3;
				MTL_ENABLE_DEBUG_INFO = YES;
				ONLY_ACTIVE_ARCH = YES;
				SDKROOT = iphoneos;
			};
			name = Debug;
		};
		E25179E81CFD1B63009179B2 /* Release */ = {
			isa = XCBuildConfiguration;
			buildSettings = {
				ALWAYS_SEARCH_USER_PATHS = NO;
				CLANG_ANALYZER_NONNULL = YES;
				CLANG_CXX_LANGUAGE_STANDARD = "gnu++0x";
				CLANG_CXX_LIBRARY = "libc++";
				CLANG_ENABLE_MODULES = YES;
				CLANG_ENABLE_OBJC_ARC = YES;
				CLANG_WARN_BOOL_CONVERSION = YES;
				CLANG_WARN_CONSTANT_CONVERSION = YES;
				CLANG_WARN_DIRECT_OBJC_ISA_USAGE = YES_ERROR;
				CLANG_WARN_EMPTY_BODY = YES;
				CLANG_WARN_ENUM_CONVERSION = YES;
				CLANG_WARN_INT_CONVERSION = YES;
				CLANG_WARN_OBJC_ROOT_CLASS = YES_ERROR;
				CLANG_WARN_UNREACHABLE_CODE = YES;
				CLANG_WARN__DUPLICATE_METHOD_MATCH = YES;
				"CODE_SIGN_IDENTITY[sdk=iphoneos*]" = "iPhone Developer";
				COPY_PHASE_STRIP = NO;
				DEBUG_INFORMATION_FORMAT = "dwarf-with-dsym";
				ENABLE_NS_ASSERTIONS = NO;
				ENABLE_STRICT_OBJC_MSGSEND = YES;
				GCC_C_LANGUAGE_STANDARD = gnu99;
				GCC_NO_COMMON_BLOCKS = YES;
				GCC_WARN_64_TO_32_BIT_CONVERSION = YES;
				GCC_WARN_ABOUT_RETURN_TYPE = YES_ERROR;
				GCC_WARN_UNDECLARED_SELECTOR = YES;
				GCC_WARN_UNINITIALIZED_AUTOS = YES_AGGRESSIVE;
				GCC_WARN_UNUSED_FUNCTION = YES;
				GCC_WARN_UNUSED_VARIABLE = YES;
				IPHONEOS_DEPLOYMENT_TARGET = 9.3;
				MTL_ENABLE_DEBUG_INFO = NO;
				SDKROOT = iphoneos;
				VALIDATE_PRODUCT = YES;
			};
			name = Release;
		};
		E25179EA1CFD1B63009179B2 /* Debug */ = {
			isa = XCBuildConfiguration;
			buildSettings = {
				ASSETCATALOG_COMPILER_APPICON_NAME = AppIcon;
				INFOPLIST_FILE = BCrypt/Info.plist;
				LD_RUNPATH_SEARCH_PATHS = "$(inherited) @executable_path/Frameworks";
				PRODUCT_BUNDLE_IDENTIFIER = TongxingPay.BCrypt;
				PRODUCT_NAME = "$(TARGET_NAME)";
			};
			name = Debug;
		};
		E25179EB1CFD1B63009179B2 /* Release */ = {
			isa = XCBuildConfiguration;
			buildSettings = {
				ASSETCATALOG_COMPILER_APPICON_NAME = AppIcon;
				INFOPLIST_FILE = BCrypt/Info.plist;
				LD_RUNPATH_SEARCH_PATHS = "$(inherited) @executable_path/Frameworks";
				PRODUCT_BUNDLE_IDENTIFIER = TongxingPay.BCrypt;
				PRODUCT_NAME = "$(TARGET_NAME)";
			};
			name = Release;
		};
		E25179ED1CFD1B63009179B2 /* Debug */ = {
			isa = XCBuildConfiguration;
			buildSettings = {
				BUNDLE_LOADER = "$(TEST_HOST)";
				INFOPLIST_FILE = BCryptTests/Info.plist;
				LD_RUNPATH_SEARCH_PATHS = "$(inherited) @executable_path/Frameworks @loader_path/Frameworks";
				PRODUCT_BUNDLE_IDENTIFIER = TongxingPay.BCryptTests;
				PRODUCT_NAME = "$(TARGET_NAME)";
				TEST_HOST = "$(BUILT_PRODUCTS_DIR)/BCrypt.app/BCrypt";
			};
			name = Debug;
		};
		E25179EE1CFD1B63009179B2 /* Release */ = {
			isa = XCBuildConfiguration;
			buildSettings = {
				BUNDLE_LOADER = "$(TEST_HOST)";
				INFOPLIST_FILE = BCryptTests/Info.plist;
				LD_RUNPATH_SEARCH_PATHS = "$(inherited) @executable_path/Frameworks @loader_path/Frameworks";
				PRODUCT_BUNDLE_IDENTIFIER = TongxingPay.BCryptTests;
				PRODUCT_NAME = "$(TARGET_NAME)";
				TEST_HOST = "$(BUILT_PRODUCTS_DIR)/BCrypt.app/BCrypt";
			};
			name = Release;
		};
		E25179F01CFD1B63009179B2 /* Debug */ = {
			isa = XCBuildConfiguration;
			buildSettings = {
				INFOPLIST_FILE = BCryptUITests/Info.plist;
				LD_RUNPATH_SEARCH_PATHS = "$(inherited) @executable_path/Frameworks @loader_path/Frameworks";
				PRODUCT_BUNDLE_IDENTIFIER = TongxingPay.BCryptUITests;
				PRODUCT_NAME = "$(TARGET_NAME)";
				TEST_TARGET_NAME = BCrypt;
			};
			name = Debug;
		};
		E25179F11CFD1B63009179B2 /* Release */ = {
			isa = XCBuildConfiguration;
			buildSettings = {
				INFOPLIST_FILE = BCryptUITests/Info.plist;
				LD_RUNPATH_SEARCH_PATHS = "$(inherited) @executable_path/Frameworks @loader_path/Frameworks";
				PRODUCT_BUNDLE_IDENTIFIER = TongxingPay.BCryptUITests;
				PRODUCT_NAME = "$(TARGET_NAME)";
				TEST_TARGET_NAME = BCrypt;
			};
			name = Release;
		};
/* End XCBuildConfiguration section */

/* Begin XCConfigurationList section */
		E25179B71CFD1B63009179B2 /* Build configuration list for PBXProject "BCrypt" */ = {
			isa = XCConfigurationList;
			buildConfigurations = (
				E25179E71CFD1B63009179B2 /* Debug */,
				E25179E81CFD1B63009179B2 /* Release */,
			);
			defaultConfigurationIsVisible = 0;
			defaultConfigurationName = Release;
		};
		E25179E91CFD1B63009179B2 /* Build configuration list for PBXNativeTarget "BCrypt" */ = {
			isa = XCConfigurationList;
			buildConfigurations = (
				E25179EA1CFD1B63009179B2 /* Debug */,
				E25179EB1CFD1B63009179B2 /* Release */,
			);
			defaultConfigurationIsVisible = 0;
		};
		E25179EC1CFD1B63009179B2 /* Build configuration list for PBXNativeTarget "BCryptTests" */ = {
			isa = XCConfigurationList;
			buildConfigurations = (
				E25179ED1CFD1B63009179B2 /* Debug */,
				E25179EE1CFD1B63009179B2 /* Release */,
			);
			defaultConfigurationIsVisible = 0;
		};
		E25179EF1CFD1B63009179B2 /* Build configuration list for PBXNativeTarget "BCryptUITests" */ = {
			isa = XCConfigurationList;
			buildConfigurations = (
				E25179F01CFD1B63009179B2 /* Debug */,
				E25179F11CFD1B63009179B2 /* Release */,
			);
			defaultConfigurationIsVisible = 0;
		};
/* End XCConfigurationList section */
	};
	rootObject = E25179B41CFD1B63009179B2 /* Project object */;
}
